
Microsoft Visual Studio Solution File, Format Version 12.00
# Visual Studio Version 17
VisualStudioVersion = 17.4.33110.190
MinimumVisualStudioVersion = 10.0.40219.1
Project("{8BC9CEB8-8B4A-11D0-8D11-00A0C91BC942}") = "Practic29.11", "Practic29.11\Practic29.11.vcxproj", "{D49587BB-AE29-45AF-A811-D40985F67DAB}"
EndProject
Global
	GlobalSection(SolutionConfigurationPlatforms) = preSolution
		Debug|x64 = Debug|x64
		Debug|x86 = Debug|x86
		Release|x64 = Release|x64
		Release|x86 = Release|x86
	EndGlobalSection
	GlobalSection(ProjectConfigurationPlatforms) = postSolution
		{D49587BB-AE29-45AF-A811-D40985F67DAB}.Debug|x64.ActiveCfg = Debug|x64
		{D49587BB-AE29-45AF-A811-D40985F67DAB}.Debug|x64.Build.0 = Debug|x64
		{D49587BB-AE29-45AF-A811-D40985F67DAB}.Debug|x86.ActiveCfg = Debug|Win32
		{D49587BB-AE29-45AF-A811-D40985F67DAB}.Debug|x86.Build.0 = Debug|Win32
		{D49587BB-AE29-45AF-A811-D40985F67DAB}.Release|x64.ActiveCfg = Release|x64
		{D49587BB-AE29-45AF-A811-D40985F67DAB}.Release|x64.Build.0 = Release|x64
		{D49587BB-AE29-45AF-A811-D40985F67DAB}.Release|x86.ActiveCfg = Release|Win32
		{D49587BB-AE29-45AF-A811-D40985F67DAB}.Release|x86.Build.0 = Release|Win32
	EndGlobalSection
	GlobalSection(SolutionProperties) = preSolution
		HideSolutionNode = FALSE
	EndGlobalSection
	GlobalSection(ExtensibilityGlobals) = postSolution
		SolutionGuid = {92B33A96-AB6F-4B7D-A5F7-1768123D82BC}
	EndGlobalSection
EndGlobal
